// !$*UTF8*$!
{
	archiveVersion = 1;
	classes = {
	};
	objectVersion = 56;
	objects = {

/* Begin PBXBuildFile section */
		3AF91B662B3EF7D600656A25 /* FavoriteRegionsApp.swift in Sources */ = {isa = PBXBuildFile; fileRef = 3AF91B652B3EF7D600656A25 /* FavoriteRegionsApp.swift */; };
		3AF91B682B3EF7D600656A25 /* ContentView.swift in Sources */ = {isa = PBXBuildFile; fileRef = 3AF91B672B3EF7D600656A25 /* ContentView.swift */; };
		3AF91B6A2B3EF7D700656A25 /* Assets.xcassets in Resources */ = {isa = PBXBuildFile; fileRef = 3AF91B692B3EF7D700656A25 /* Assets.xcassets */; };
		3AF91B6D2B3EF7D700656A25 /* Preview Assets.xcassets in Resources */ = {isa = PBXBuildFile; fileRef = 3AF91B6C2B3EF7D700656A25 /* Preview Assets.xcassets */; };
		3AF91B772B3EF7D700656A25 /* FavoriteRegionsTests.swift in Sources */ = {isa = PBXBuildFile; fileRef = 3AF91B762B3EF7D700656A25 /* FavoriteRegionsTests.swift */; };
		3AF91B812B3EF7D700656A25 /* FavoriteRegionsUITests.swift in Sources */ = {isa = PBXBuildFile; fileRef = 3AF91B802B3EF7D700656A25 /* FavoriteRegionsUITests.swift */; };
		3AF91B832B3EF7D700656A25 /* FavoriteRegionsUITestsLaunchTests.swift in Sources */ = {isa = PBXBuildFile; fileRef = 3AF91B822B3EF7D700656A25 /* FavoriteRegionsUITestsLaunchTests.swift */; };
/* End PBXBuildFile section */

/* Begin PBXContainerItemProxy section */
		3AF91B732B3EF7D700656A25 /* PBXContainerItemProxy */ = {
			isa = PBXContainerItemProxy;
			containerPortal = 3AF91B5A2B3EF7D600656A25 /* Project object */;
			proxyType = 1;
			remoteGlobalIDString = 3AF91B612B3EF7D600656A25;
			remoteInfo = FavoriteRegions;
		};
		3AF91B7D2B3EF7D700656A25 /* PBXContainerItemProxy */ = {
			isa = PBXContainerItemProxy;
			containerPortal = 3AF91B5A2B3EF7D600656A25 /* Project object */;
			proxyType = 1;
			remoteGlobalIDString = 3AF91B612B3EF7D600656A25;
			remoteInfo = FavoriteRegions;
		};
/* End PBXContainerItemProxy section */

/* Begin PBXFileReference section */
		3AF91B622B3EF7D600656A25 /* FavoriteRegions.app */ = {isa = PBXFileReference; explicitFileType = wrapper.application; includeInIndex = 0; path = FavoriteRegions.app; sourceTree = BUILT_PRODUCTS_DIR; };
		3AF91B652B3EF7D600656A25 /* FavoriteRegionsApp.swift */ = {isa = PBXFileReference; lastKnownFileType = sourcecode.swift; path = FavoriteRegionsApp.swift; sourceTree = "<group>"; };
		3AF91B672B3EF7D600656A25 /* ContentView.swift */ = {isa = PBXFileReference; lastKnownFileType = sourcecode.swift; path = ContentView.swift; sourceTree = "<group>"; };
		3AF91B692B3EF7D700656A25 /* Assets.xcassets */ = {isa = PBXFileReference; lastKnownFileType = folder.assetcatalog; path = Assets.xcassets; sourceTree = "<group>"; };
		3AF91B6C2B3EF7D700656A25 /* Preview Assets.xcassets */ = {isa = PBXFileReference; lastKnownFileType = folder.assetcatalog; path = "Preview Assets.xcassets"; sourceTree = "<group>"; };
		3AF91B722B3EF7D700656A25 /* FavoriteRegionsTests.xctest */ = {isa = PBXFileReference; explicitFileType = wrapper.cfbundle; includeInIndex = 0; path = FavoriteRegionsTests.xctest; sourceTree = BUILT_PRODUCTS_DIR; };
		3AF91B762B3EF7D700656A25 /* FavoriteRegionsTests.swift */ = {isa = PBXFileReference; lastKnownFileType = sourcecode.swift; path = FavoriteRegionsTests.swift; sourceTree = "<group>"; };
		3AF91B7C2B3EF7D700656A25 /* FavoriteRegionsUITests.xctest */ = {isa = PBXFileReference; explicitFileType = wrapper.cfbundle; includeInIndex = 0; path = FavoriteRegionsUITests.xctest; sourceTree = BUILT_PRODUCTS_DIR; };
		3AF91B802B3EF7D700656A25 /* FavoriteRegionsUITests.swift */ = {isa = PBXFileReference; lastKnownFileType = sourcecode.swift; path = FavoriteRegionsUITests.swift; sourceTree = "<group>"; };
		3AF91B822B3EF7D700656A25 /* FavoriteRegionsUITestsLaunchTests.swift */ = {isa = PBXFileReference; lastKnownFileType = sourcecode.swift; path = FavoriteRegionsUITestsLaunchTests.swift; sourceTree = "<group>"; };
/* End PBXFileReference section */

/* Begin PBXFrameworksBuildPhase section */
		3AF91B5F2B3EF7D600656A25 /* Frameworks */ = {
			isa = PBXFrameworksBuildPhase;
			buildActionMask = 2147483647;
			files = (
			);
			runOnlyForDeploymentPostprocessing = 0;
		};
		3AF91B6F2B3EF7D700656A25 /* Frameworks */ = {
			isa = PBXFrameworksBuildPhase;
			buildActionMask = 2147483647;
			files = (
			);
			runOnlyForDeploymentPostprocessing = 0;
		};
		3AF91B792B3EF7D700656A25 /* Frameworks */ = {
			isa = PBXFrameworksBuildPhase;
			buildActionMask = 2147483647;
			files = (
			);
			runOnlyForDeploymentPostprocessing = 0;
		};
/* End PBXFrameworksBuildPhase section */

/* Begin PBXGroup section */
		3AF91B592B3EF7D600656A25 = {
			isa = PBXGroup;
			children = (
				3AF91B642B3EF7D600656A25 /* FavoriteRegions */,
				3AF91B752B3EF7D700656A25 /* FavoriteRegionsTests */,
				3AF91B7F2B3EF7D700656A25 /* FavoriteRegionsUITests */,
				3AF91B632B3EF7D600656A25 /* Products */,
			);
			sourceTree = "<group>";
		};
		3AF91B632B3EF7D600656A25 /* Products */ = {
			isa = PBXGroup;
			children = (
				3AF91B622B3EF7D600656A25 /* FavoriteRegions.app */,
				3AF91B722B3EF7D700656A25 /* FavoriteRegionsTests.xctest */,
				3AF91B7C2B3EF7D700656A25 /* FavoriteRegionsUITests.xctest */,
			);
			name = Products;
			sourceTree = "<group>";
		};
		3AF91B642B3EF7D600656A25 /* FavoriteRegions */ = {
			isa = PBXGroup;
			children = (
				3AF91B652B3EF7D600656A25 /* FavoriteRegionsApp.swift */,
				3AF91B672B3EF7D600656A25 /* ContentView.swift */,
				3AF91B692B3EF7D700656A25 /* Assets.xcassets */,
				3AF91B6B2B3EF7D700656A25 /* Preview Content */,
			);
			path = FavoriteRegions;
			sourceTree = "<group>";
		};
		3AF91B6B2B3EF7D700656A25 /* Preview Content */ = {
			isa = PBXGroup;
			children = (
				3AF91B6C2B3EF7D700656A25 /* Preview Assets.xcassets */,
			);
			path = "Preview Content";
			sourceTree = "<group>";
		};
		3AF91B752B3EF7D700656A25 /* FavoriteRegionsTests */ = {
			isa = PBXGroup;
			children = (
				3AF91B762B3EF7D700656A25 /* FavoriteRegionsTests.swift */,
			);
			path = FavoriteRegionsTests;
			sourceTree = "<group>";
		};
		3AF91B7F2B3EF7D700656A25 /* FavoriteRegionsUITests */ = {
			isa = PBXGroup;
			children = (
				3AF91B802B3EF7D700656A25 /* FavoriteRegionsUITests.swift */,
				3AF91B822B3EF7D700656A25 /* FavoriteRegionsUITestsLaunchTests.swift */,
			);
			path = FavoriteRegionsUITests;
			sourceTree = "<group>";
		};
/* End PBXGroup section */

/* Begin PBXNativeTarget section */
		3AF91B612B3EF7D600656A25 /* FavoriteRegions */ = {
			isa = PBXNativeTarget;
			buildConfigurationList = 3AF91B862B3EF7D700656A25 /* Build configuration list for PBXNativeTarget "FavoriteRegions" */;
			buildPhases = (
				3AFC55562B3F351D001043F5 /* Swiftlint */,
				3AF91B5E2B3EF7D600656A25 /* Sources */,
				3AF91B5F2B3EF7D600656A25 /* Frameworks */,
				3AF91B602B3EF7D600656A25 /* Resources */,
			);
			buildRules = (
			);
			dependencies = (
			);
			name = FavoriteRegions;
			productName = FavoriteRegions;
			productReference = 3AF91B622B3EF7D600656A25 /* FavoriteRegions.app */;
			productType = "com.apple.product-type.application";
		};
		3AF91B712B3EF7D700656A25 /* FavoriteRegionsTests */ = {
			isa = PBXNativeTarget;
			buildConfigurationList = 3AF91B892B3EF7D700656A25 /* Build configuration list for PBXNativeTarget "FavoriteRegionsTests" */;
			buildPhases = (
				3AF91B6E2B3EF7D700656A25 /* Sources */,
				3AF91B6F2B3EF7D700656A25 /* Frameworks */,
				3AF91B702B3EF7D700656A25 /* Resources */,
			);
			buildRules = (
			);
			dependencies = (
				3AF91B742B3EF7D700656A25 /* PBXTargetDependency */,
			);
			name = FavoriteRegionsTests;
			productName = FavoriteRegionsTests;
			productReference = 3AF91B722B3EF7D700656A25 /* FavoriteRegionsTests.xctest */;
			productType = "com.apple.product-type.bundle.unit-test";
		};
		3AF91B7B2B3EF7D700656A25 /* FavoriteRegionsUITests */ = {
			isa = PBXNativeTarget;
			buildConfigurationList = 3AF91B8C2B3EF7D700656A25 /* Build configuration list for PBXNativeTarget "FavoriteRegionsUITests" */;
			buildPhases = (
				3AF91B782B3EF7D700656A25 /* Sources */,
				3AF91B792B3EF7D700656A25 /* Frameworks */,
				3AF91B7A2B3EF7D700656A25 /* Resources */,
			);
			buildRules = (
			);
			dependencies = (
				3AF91B7E2B3EF7D700656A25 /* PBXTargetDependency */,
			);
			name = FavoriteRegionsUITests;
			productName = FavoriteRegionsUITests;
			productReference = 3AF91B7C2B3EF7D700656A25 /* FavoriteRegionsUITests.xctest */;
			productType = "com.apple.product-type.bundle.ui-testing";
		};
/* End PBXNativeTarget section */

/* Begin PBXProject section */
		3AF91B5A2B3EF7D600656A25 /* Project object */ = {
			isa = PBXProject;
			attributes = {
				BuildIndependentTargetsInParallel = 1;
				LastSwiftUpdateCheck = 1510;
				LastUpgradeCheck = 1510;
				TargetAttributes = {
					3AF91B612B3EF7D600656A25 = {
						CreatedOnToolsVersion = 15.1;
					};
					3AF91B712B3EF7D700656A25 = {
						CreatedOnToolsVersion = 15.1;
						TestTargetID = 3AF91B612B3EF7D600656A25;
					};
					3AF91B7B2B3EF7D700656A25 = {
						CreatedOnToolsVersion = 15.1;
						TestTargetID = 3AF91B612B3EF7D600656A25;
					};
				};
			};
			buildConfigurationList = 3AF91B5D2B3EF7D600656A25 /* Build configuration list for PBXProject "FavoriteRegions" */;
			compatibilityVersion = "Xcode 14.0";
			developmentRegion = en;
			hasScannedForEncodings = 0;
			knownRegions = (
				en,
				Base,
			);
			mainGroup = 3AF91B592B3EF7D600656A25;
			productRefGroup = 3AF91B632B3EF7D600656A25 /* Products */;
			projectDirPath = "";
			projectRoot = "";
			targets = (
				3AF91B612B3EF7D600656A25 /* FavoriteRegions */,
				3AF91B712B3EF7D700656A25 /* FavoriteRegionsTests */,
				3AF91B7B2B3EF7D700656A25 /* FavoriteRegionsUITests */,
			);
		};
/* End PBXProject section */

/* Begin PBXResourcesBuildPhase section */
		3AF91B602B3EF7D600656A25 /* Resources */ = {
			isa = PBXResourcesBuildPhase;
			buildActionMask = 2147483647;
			files = (
				3AF91B6D2B3EF7D700656A25 /* Preview Assets.xcassets in Resources */,
				3AF91B6A2B3EF7D700656A25 /* Assets.xcassets in Resources */,
			);
			runOnlyForDeploymentPostprocessing = 0;
		};
		3AF91B702B3EF7D700656A25 /* Resources */ = {
			isa = PBXResourcesBuildPhase;
			buildActionMask = 2147483647;
			files = (
			);
			runOnlyForDeploymentPostprocessing = 0;
		};
		3AF91B7A2B3EF7D700656A25 /* Resources */ = {
			isa = PBXResourcesBuildPhase;
			buildActionMask = 2147483647;
			files = (
			);
			runOnlyForDeploymentPostprocessing = 0;
		};
/* End PBXResourcesBuildPhase section */

/* Begin PBXShellScriptBuildPhase section */
		3AFC55562B3F351D001043F5 /* Swiftlint */ = {
			isa = PBXShellScriptBuildPhase;
			alwaysOutOfDate = 1;
			buildActionMask = 2147483647;
			files = (
			);
			inputFileListPaths = (
			);
			inputPaths = (
			);
			name = Swiftlint;
			outputFileListPaths = (
			);
			outputPaths = (
			);
			runOnlyForDeploymentPostprocessing = 0;
			shellPath = /bin/sh;
			shellScript = "export PATH=\"$PATH:/opt/homebrew/bin\"\nif which swiftlint > /dev/null; then\n  swiftlint\nelse\n  echo \"warning: SwiftLint not installed, download from https://github.com/realm/SwiftLint\"\nfi\n";
		};
/* End PBXShellScriptBuildPhase section */

/* Begin PBXSourcesBuildPhase section */
		3AF91B5E2B3EF7D600656A25 /* Sources */ = {
			isa = PBXSourcesBuildPhase;
			buildActionMask = 2147483647;
			files = (
				3AF91B682B3EF7D600656A25 /* ContentView.swift in Sources */,
				3AF91B662B3EF7D600656A25 /* FavoriteRegionsApp.swift in Sources */,
			);
			runOnlyForDeploymentPostprocessing = 0;
		};
		3AF91B6E2B3EF7D700656A25 /* Sources */ = {
			isa = PBXSourcesBuildPhase;
			buildActionMask = 2147483647;
			files = (
				3AF91B772B3EF7D700656A25 /* FavoriteRegionsTests.swift in Sources */,
			);
			runOnlyForDeploymentPostprocessing = 0;
		};
		3AF91B782B3EF7D700656A25 /* Sources */ = {
			isa = PBXSourcesBuildPhase;
			buildActionMask = 2147483647;
			files = (
				3AF91B832B3EF7D700656A25 /* FavoriteRegionsUITestsLaunchTests.swift in Sources */,
				3AF91B812B3EF7D700656A25 /* FavoriteRegionsUITests.swift in Sources */,
			);
			runOnlyForDeploymentPostprocessing = 0;
		};
/* End PBXSourcesBuildPhase section */

/* Begin PBXTargetDependency section */
		3AF91B742B3EF7D700656A25 /* PBXTargetDependency */ = {
			isa = PBXTargetDependency;
			target = 3AF91B612B3EF7D600656A25 /* FavoriteRegions */;
			targetProxy = 3AF91B732B3EF7D700656A25 /* PBXContainerItemProxy */;
		};
		3AF91B7E2B3EF7D700656A25 /* PBXTargetDependency */ = {
			isa = PBXTargetDependency;
			target = 3AF91B612B3EF7D600656A25 /* FavoriteRegions */;
			targetProxy = 3AF91B7D2B3EF7D700656A25 /* PBXContainerItemProxy */;
		};
/* End PBXTargetDependency section */

/* Begin XCBuildConfiguration section */
		3AF91B842B3EF7D700656A25 /* Debug */ = {
			isa = XCBuildConfiguration;
			buildSettings = {
				ALWAYS_SEARCH_USER_PATHS = NO;
				ASSETCATALOG_COMPILER_GENERATE_SWIFT_ASSET_SYMBOL_EXTENSIONS = YES;
				CLANG_ANALYZER_NONNULL = YES;
				CLANG_ANALYZER_NUMBER_OBJECT_CONVERSION = YES_AGGRESSIVE;
				CLANG_CXX_LANGUAGE_STANDARD = "gnu++20";
				CLANG_ENABLE_MODULES = YES;
				CLANG_ENABLE_OBJC_ARC = YES;
				CLANG_ENABLE_OBJC_WEAK = YES;
				CLANG_WARN_BLOCK_CAPTURE_AUTORELEASING = YES;
				CLANG_WARN_BOOL_CONVERSION = YES;
				CLANG_WARN_COMMA = YES;
				CLANG_WARN_CONSTANT_CONVERSION = YES;
				CLANG_WARN_DEPRECATED_OBJC_IMPLEMENTATIONS = YES;
				CLANG_WARN_DIRECT_OBJC_ISA_USAGE = YES_ERROR;
				CLANG_WARN_DOCUMENTATION_COMMENTS = YES;
				CLANG_WARN_EMPTY_BODY = YES;
				CLANG_WARN_ENUM_CONVERSION = YES;
				CLANG_WARN_INFINITE_RECURSION = YES;
				CLANG_WARN_INT_CONVERSION = YES;
				CLANG_WARN_NON_LITERAL_NULL_CONVERSION = YES;
				CLANG_WARN_OBJC_IMPLICIT_RETAIN_SELF = YES;
				CLANG_WARN_OBJC_LITERAL_CONVERSION = YES;
				CLANG_WARN_OBJC_ROOT_CLASS = YES_ERROR;
				CLANG_WARN_QUOTED_INCLUDE_IN_FRAMEWORK_HEADER = YES;
				CLANG_WARN_RANGE_LOOP_ANALYSIS = YES;
				CLANG_WARN_STRICT_PROTOTYPES = YES;
				CLANG_WARN_SUSPICIOUS_MOVE = YES;
				CLANG_WARN_UNGUARDED_AVAILABILITY = YES_AGGRESSIVE;
				CLANG_WARN_UNREACHABLE_CODE = YES;
				CLANG_WARN__DUPLICATE_METHOD_MATCH = YES;
				COPY_PHASE_STRIP = NO;
				DEBUG_INFORMATION_FORMAT = dwarf;
				ENABLE_STRICT_OBJC_MSGSEND = YES;
				ENABLE_TESTABILITY = YES;
				ENABLE_USER_SCRIPT_SANDBOXING = NO;
				GCC_C_LANGUAGE_STANDARD = gnu17;
				GCC_DYNAMIC_NO_PIC = NO;
				GCC_NO_COMMON_BLOCKS = YES;
				GCC_OPTIMIZATION_LEVEL = 0;
				GCC_PREPROCESSOR_DEFINITIONS = (
					"DEBUG=1",
					"$(inherited)",
				);
				GCC_WARN_64_TO_32_BIT_CONVERSION = YES;
				GCC_WARN_ABOUT_RETURN_TYPE = YES_ERROR;
				GCC_WARN_UNDECLARED_SELECTOR = YES;
				GCC_WARN_UNINITIALIZED_AUTOS = YES_AGGRESSIVE;
				GCC_WARN_UNUSED_FUNCTION = YES;
				GCC_WARN_UNUSED_VARIABLE = YES;
				IPHONEOS_DEPLOYMENT_TARGET = 17.2;
				LOCALIZATION_PREFERS_STRING_CATALOGS = YES;
				MTL_ENABLE_DEBUG_INFO = INCLUDE_SOURCE;
				MTL_FAST_MATH = YES;
				ONLY_ACTIVE_ARCH = YES;
				SDKROOT = iphoneos;
				SWIFT_ACTIVE_COMPILATION_CONDITIONS = "DEBUG $(inherited)";
				SWIFT_OPTIMIZATION_LEVEL = "-Onone";
			};
			name = Debug;
		};
		3AF91B852B3EF7D700656A25 /* Release */ = {
			isa = XCBuildConfiguration;
			buildSettings = {
				ALWAYS_SEARCH_USER_PATHS = NO;
				ASSETCATALOG_COMPILER_GENERATE_SWIFT_ASSET_SYMBOL_EXTENSIONS = YES;
				CLANG_ANALYZER_NONNULL = YES;
				CLANG_ANALYZER_NUMBER_OBJECT_CONVERSION = YES_AGGRESSIVE;
				CLANG_CXX_LANGUAGE_STANDARD = "gnu++20";
				CLANG_ENABLE_MODULES = YES;
				CLANG_ENABLE_OBJC_ARC = YES;
				CLANG_ENABLE_OBJC_WEAK = YES;
				CLANG_WARN_BLOCK_CAPTURE_AUTORELEASING = YES;
				CLANG_WARN_BOOL_CONVERSION = YES;
				CLANG_WARN_COMMA = YES;
				CLANG_WARN_CONSTANT_CONVERSION = YES;
				CLANG_WARN_DEPRECATED_OBJC_IMPLEMENTATIONS = YES;
				CLANG_WARN_DIRECT_OBJC_ISA_USAGE = YES_ERROR;
				CLANG_WARN_DOCUMENTATION_COMMENTS = YES;
				CLANG_WARN_EMPTY_BODY = YES;
				CLANG_WARN_ENUM_CONVERSION = YES;
				CLANG_WARN_INFINITE_RECURSION = YES;
				CLANG_WARN_INT_CONVERSION = YES;
				CLANG_WARN_NON_LITERAL_NULL_CONVERSION = YES;
				CLANG_WARN_OBJC_IMPLICIT_RETAIN_SELF = YES;
				CLANG_WARN_OBJC_LITERAL_CONVERSION = YES;
				CLANG_WARN_OBJC_ROOT_CLASS = YES_ERROR;
				CLANG_WARN_QUOTED_INCLUDE_IN_FRAMEWORK_HEADER = YES;
				CLANG_WARN_RANGE_LOOP_ANALYSIS = YES;
				CLANG_WARN_STRICT_PROTOTYPES = YES;
				CLANG_WARN_SUSPICIOUS_MOVE = YES;
				CLANG_WARN_UNGUARDED_AVAILABILITY = YES_AGGRESSIVE;
				CLANG_WARN_UNREACHABLE_CODE = YES;
				CLANG_WARN__DUPLICATE_METHOD_MATCH = YES;
				COPY_PHASE_STRIP = NO;
				DEBUG_INFORMATION_FORMAT = "dwarf-with-dsym";
				ENABLE_NS_ASSERTIONS = NO;
				ENABLE_STRICT_OBJC_MSGSEND = YES;
				ENABLE_USER_SCRIPT_SANDBOXING = NO;
				GCC_C_LANGUAGE_STANDARD = gnu17;
				GCC_NO_COMMON_BLOCKS = YES;
				GCC_WARN_64_TO_32_BIT_CONVERSION = YES;
				GCC_WARN_ABOUT_RETURN_TYPE = YES_ERROR;
				GCC_WARN_UNDECLARED_SELECTOR = YES;
				GCC_WARN_UNINITIALIZED_AUTOS = YES_AGGRESSIVE;
				GCC_WARN_UNUSED_FUNCTION = YES;
				GCC_WARN_UNUSED_VARIABLE = YES;
				IPHONEOS_DEPLOYMENT_TARGET = 17.2;
				LOCALIZATION_PREFERS_STRING_CATALOGS = YES;
				MTL_ENABLE_DEBUG_INFO = NO;
				MTL_FAST_MATH = YES;
				SDKROOT = iphoneos;
				SWIFT_COMPILATION_MODE = wholemodule;
				VALIDATE_PRODUCT = YES;
			};
			name = Release;
		};
		3AF91B872B3EF7D700656A25 /* Debug */ = {
			isa = XCBuildConfiguration;
			buildSettings = {
				ASSETCATALOG_COMPILER_APPICON_NAME = AppIcon;
				ASSETCATALOG_COMPILER_GLOBAL_ACCENT_COLOR_NAME = AccentColor;
				CODE_SIGN_STYLE = Automatic;
				CURRENT_PROJECT_VERSION = 1;
				DEVELOPMENT_ASSET_PATHS = "\"FavoriteRegions/Preview Content\"";
				DEVELOPMENT_TEAM = 6TL266BT36;
				ENABLE_PREVIEWS = YES;
				GENERATE_INFOPLIST_FILE = YES;
				INFOPLIST_KEY_CFBundleDisplayName = "Favourites Regions";
				INFOPLIST_KEY_UIApplicationSceneManifest_Generation = YES;
				INFOPLIST_KEY_UIApplicationSupportsIndirectInputEvents = YES;
				INFOPLIST_KEY_UILaunchScreen_Generation = YES;
				INFOPLIST_KEY_UISupportedInterfaceOrientations = UIInterfaceOrientationPortrait;
				INFOPLIST_KEY_UISupportedInterfaceOrientations_iPad = "UIInterfaceOrientationLandscapeLeft UIInterfaceOrientationLandscapeRight UIInterfaceOrientationPortrait UIInterfaceOrientationPortraitUpsideDown";
				IPHONEOS_DEPLOYMENT_TARGET = 17.0;
				LD_RUNPATH_SEARCH_PATHS = (
					"$(inherited)",
					"@executable_path/Frameworks",
				);
				MARKETING_VERSION = 1.0;
				PRODUCT_BUNDLE_IDENTIFIER = com.antabramov.FavoriteRegions;
				PRODUCT_NAME = "$(TARGET_NAME)";
				SUPPORTED_PLATFORMS = "iphoneos iphonesimulator";
				SUPPORTS_MACCATALYST = NO;
				SUPPORTS_MAC_DESIGNED_FOR_IPHONE_IPAD = NO;
				SWIFT_EMIT_LOC_STRINGS = YES;
				SWIFT_VERSION = 5.0;
				TARGETED_DEVICE_FAMILY = 1;
			};
			name = Debug;
		};
		3AF91B882B3EF7D700656A25 /* Release */ = {
			isa = XCBuildConfiguration;
			buildSettings = {
				ASSETCATALOG_COMPILER_APPICON_NAME = AppIcon;
				ASSETCATALOG_COMPILER_GLOBAL_ACCENT_COLOR_NAME = AccentColor;
				CODE_SIGN_STYLE = Automatic;
				CURRENT_PROJECT_VERSION = 1;
				DEVELOPMENT_ASSET_PATHS = "\"FavoriteRegions/Preview Content\"";
				DEVELOPMENT_TEAM = 6TL266BT36;
				ENABLE_PREVIEWS = YES;
				GENERATE_INFOPLIST_FILE = YES;
				INFOPLIST_KEY_CFBundleDisplayName = "Favourites Regions";
				INFOPLIST_KEY_UIApplicationSceneManifest_Generation = YES;
				INFOPLIST_KEY_UIApplicationSupportsIndirectInputEvents = YES;
				INFOPLIST_KEY_UILaunchScreen_Generation = YES;
				INFOPLIST_KEY_UISupportedInterfaceOrientations = UIInterfaceOrientationPortrait;
				INFOPLIST_KEY_UISupportedInterfaceOrientations_iPad = "UIInterfaceOrientationLandscapeLeft UIInterfaceOrientationLandscapeRight UIInterfaceOrientationPortrait UIInterfaceOrientationPortraitUpsideDown";
				IPHONEOS_DEPLOYMENT_TARGET = 17.0;
				LD_RUNPATH_SEARCH_PATHS = (
					"$(inherited)",
					"@executable_path/Frameworks",
				);
				MARKETING_VERSION = 1.0;
				PRODUCT_BUNDLE_IDENTIFIER = com.antabramov.FavoriteRegions;
				PRODUCT_NAME = "$(TARGET_NAME)";
				SUPPORTED_PLATFORMS = "iphoneos iphonesimulator";
				SUPPORTS_MACCATALYST = NO;
				SUPPORTS_MAC_DESIGNED_FOR_IPHONE_IPAD = NO;
				SWIFT_EMIT_LOC_STRINGS = YES;
				SWIFT_VERSION = 5.0;
				TARGETED_DEVICE_FAMILY = 1;
			};
			name = Release;
		};
		3AF91B8A2B3EF7D700656A25 /* Debug */ = {
			isa = XCBuildConfiguration;
			buildSettings = {
				ALWAYS_EMBED_SWIFT_STANDARD_LIBRARIES = YES;
				BUNDLE_LOADER = "$(TEST_HOST)";
				CODE_SIGN_STYLE = Automatic;
				CURRENT_PROJECT_VERSION = 1;
				DEVELOPMENT_TEAM = 6TL266BT36;
				GENERATE_INFOPLIST_FILE = YES;
				IPHONEOS_DEPLOYMENT_TARGET = 17.0;
				MARKETING_VERSION = 1.0;
				PRODUCT_BUNDLE_IDENTIFIER = com.antabramov.FavoriteRegionsTests;
				PRODUCT_NAME = "$(TARGET_NAME)";
				SUPPORTED_PLATFORMS = "iphoneos iphonesimulator";
				SUPPORTS_MACCATALYST = NO;
				SUPPORTS_MAC_DESIGNED_FOR_IPHONE_IPAD = NO;
				SWIFT_EMIT_LOC_STRINGS = NO;
				SWIFT_VERSION = 5.0;
				TARGETED_DEVICE_FAMILY = 1;
				TEST_HOST = "$(BUILT_PRODUCTS_DIR)/FavoriteRegions.app/$(BUNDLE_EXECUTABLE_FOLDER_PATH)/FavoriteRegions";
			};
			name = Debug;
		};
		3AF91B8B2B3EF7D700656A25 /* Release */ = {
			isa = XCBuildConfiguration;
			buildSettings = {
				ALWAYS_EMBED_SWIFT_STANDARD_LIBRARIES = YES;
				BUNDLE_LOADER = "$(TEST_HOST)";
				CODE_SIGN_STYLE = Automatic;
				CURRENT_PROJECT_VERSION = 1;
				DEVELOPMENT_TEAM = 6TL266BT36;
				GENERATE_INFOPLIST_FILE = YES;
				IPHONEOS_DEPLOYMENT_TARGET = 17.0;
				MARKETING_VERSION = 1.0;
				PRODUCT_BUNDLE_IDENTIFIER = com.antabramov.FavoriteRegionsTests;
				PRODUCT_NAME = "$(TARGET_NAME)";
				SUPPORTED_PLATFORMS = "iphoneos iphonesimulator";
				SUPPORTS_MACCATALYST = NO;
				SUPPORTS_MAC_DESIGNED_FOR_IPHONE_IPAD = NO;
				SWIFT_EMIT_LOC_STRINGS = NO;
				SWIFT_VERSION = 5.0;
				TARGETED_DEVICE_FAMILY = 1;
				TEST_HOST = "$(BUILT_PRODUCTS_DIR)/FavoriteRegions.app/$(BUNDLE_EXECUTABLE_FOLDER_PATH)/FavoriteRegions";
			};
			name = Release;
		};
		3AF91B8D2B3EF7D700656A25 /* Debug */ = {
			isa = XCBuildConfiguration;
			buildSettings = {
				ALWAYS_EMBED_SWIFT_STANDARD_LIBRARIES = YES;
				CODE_SIGN_STYLE = Automatic;
				CURRENT_PROJECT_VERSION = 1;
				DEVELOPMENT_TEAM = 6TL266BT36;
				GENERATE_INFOPLIST_FILE = YES;
				IPHONEOS_DEPLOYMENT_TARGET = 17.0;
				MARKETING_VERSION = 1.0;
				PRODUCT_BUNDLE_IDENTIFIER = com.antabramov.FavoriteRegionsUITests;
				PRODUCT_NAME = "$(TARGET_NAME)";
				SUPPORTED_PLATFORMS = "iphoneos iphonesimulator";
				SUPPORTS_MACCATALYST = NO;
				SUPPORTS_MAC_DESIGNED_FOR_IPHONE_IPAD = NO;
				SWIFT_EMIT_LOC_STRINGS = NO;
				SWIFT_VERSION = 5.0;
				TARGETED_DEVICE_FAMILY = 1;
				TEST_TARGET_NAME = FavoriteRegions;
			};
			name = Debug;
		};
		3AF91B8E2B3EF7D700656A25 /* Release */ = {
			isa = XCBuildConfiguration;
			buildSettings = {
				ALWAYS_EMBED_SWIFT_STANDARD_LIBRARIES = YES;
				CODE_SIGN_STYLE = Automatic;
				CURRENT_PROJECT_VERSION = 1;
				DEVELOPMENT_TEAM = 6TL266BT36;
				GENERATE_INFOPLIST_FILE = YES;
				IPHONEOS_DEPLOYMENT_TARGET = 17.0;
				MARKETING_VERSION = 1.0;
				PRODUCT_BUNDLE_IDENTIFIER = com.antabramov.FavoriteRegionsUITests;
				PRODUCT_NAME = "$(TARGET_NAME)";
				SUPPORTED_PLATFORMS = "iphoneos iphonesimulator";
				SUPPORTS_MACCATALYST = NO;
				SUPPORTS_MAC_DESIGNED_FOR_IPHONE_IPAD = NO;
				SWIFT_EMIT_LOC_STRINGS = NO;
				SWIFT_VERSION = 5.0;
				TARGETED_DEVICE_FAMILY = 1;
				TEST_TARGET_NAME = FavoriteRegions;
			};
			name = Release;
		};
/* End XCBuildConfiguration section */

/* Begin XCConfigurationList section */
		3AF91B5D2B3EF7D600656A25 /* Build configuration list for PBXProject "FavoriteRegions" */ = {
			isa = XCConfigurationList;
			buildConfigurations = (
				3AF91B842B3EF7D700656A25 /* Debug */,
				3AF91B852B3EF7D700656A25 /* Release */,
			);
			defaultConfigurationIsVisible = 0;
			defaultConfigurationName = Release;
		};
		3AF91B862B3EF7D700656A25 /* Build configuration list for PBXNativeTarget "FavoriteRegions" */ = {
			isa = XCConfigurationList;
			buildConfigurations = (
				3AF91B872B3EF7D700656A25 /* Debug */,
				3AF91B882B3EF7D700656A25 /* Release */,
			);
			defaultConfigurationIsVisible = 0;
			defaultConfigurationName = Release;
		};
		3AF91B892B3EF7D700656A25 /* Build configuration list for PBXNativeTarget "FavoriteRegionsTests" */ = {
			isa = XCConfigurationList;
			buildConfigurations = (
				3AF91B8A2B3EF7D700656A25 /* Debug */,
				3AF91B8B2B3EF7D700656A25 /* Release */,
			);
			defaultConfigurationIsVisible = 0;
			defaultConfigurationName = Release;
		};
		3AF91B8C2B3EF7D700656A25 /* Build configuration list for PBXNativeTarget "FavoriteRegionsUITests" */ = {
			isa = XCConfigurationList;
			buildConfigurations = (
				3AF91B8D2B3EF7D700656A25 /* Debug */,
				3AF91B8E2B3EF7D700656A25 /* Release */,
			);
			defaultConfigurationIsVisible = 0;
			defaultConfigurationName = Release;
		};
/* End XCConfigurationList section */
	};
	rootObject = 3AF91B5A2B3EF7D600656A25 /* Project object */;
}
